<?xml version="1.0" encoding="utf-8"?>
<Project ToolsVersion="4.0" xmlns="http://schemas.microsoft.com/developer/msbuild/2003">
  <ItemGroup>
    <Filter Include="Source Files">
      <UniqueIdentifier>{4FC737F1-C7A5-4376-A066-2A32D752A2FF}</UniqueIdentifier>
      <Extensions>cpp;c;cc;cxx;c++;cppm;ixx;def;odl;idl;hpj;bat;asm;asmx</Extensions>
    </Filter>
    <Filter Include="Header Files">
      <UniqueIdentifier>{93995380-89BD-4b04-88EB-625FBE52EBFB}</UniqueIdentifier>
      <Extensions>h;hh;hpp;hxx;h++;hm;inl;inc;ipp;xsd</Extensions>
    </Filter>
    <Filter Include="Resource Files">
      <UniqueIdentifier>{67DA6AB6-F800-4c08-8B7A-83BB121AAD01}</UniqueIdentifier>
      <Extensions>rc;ico;cur;bmp;dlg;rc2;rct;bin;rgs;gif;jpg;jpeg;jpe;resx;tiff;tif;png;wav;mfcribbon-ms</Extensions>
    </Filter>
    <Filter Include="Source Files\Solutions">
      <UniqueIdentifier>{8e253803-bec4-4301-a16a-6683ae8061d0}</UniqueIdentifier>
    </Filter>
  </ItemGroup>
  <ItemGroup>
    <ClCompile Include="Main.cpp">
      <Filter>Source Files</Filter>
    </ClCompile>
    <ClCompile Include="DayBase.cpp">
      <Filter>Source Files</Filter>
    </ClCompile>
    <ClCompile Include="Helpers.cpp">
      <Filter>Source Files</Filter>
    </ClCompile>
    <ClCompile Include="solutions\DayTemplate.cpp">
      <Filter>Source Files\Solutions</Filter>
    </ClCompile>
    <ClCompile Include="solutions\Day10.cpp">
      <Filter>Source Files\Solutions</Filter>
    </ClCompile>
    <ClCompile Include="solutions\Day1.cpp">
      <Filter>Source Files\Solutions</Filter>
    </ClCompile>
    <ClCompile Include="solutions\Day2.cpp">
      <Filter>Source Files\Solutions</Filter>
    </ClCompile>
    <ClCompile Include="solutions\Day3.cpp">
      <Filter>Source Files\Solutions</Filter>
    </ClCompile>
    <ClCompile Include="solutions\Day4.cpp">
      <Filter>Source Files\Solutions</Filter>
    </ClCompile>
    <ClCompile Include="solutions\Day5.cpp">
      <Filter>Source Files\Solutions</Filter>
    </ClCompile>
    <ClCompile Include="solutions\Day6.cpp">
      <Filter>Source Files\Solutions</Filter>
    </ClCompile>
    <ClCompile Include="solutions\Day7.cpp">
      <Filter>Source Files\Solutions</Filter>
    </ClCompile>
    <ClCompile Include="solutions\Day8.cpp">
      <Filter>Source Files\Solutions</Filter>
    </ClCompile>
    <ClCompile Include="solutions\Day9.cpp">
      <Filter>Source Files\Solutions</Filter>
    </ClCompile>
    <ClCompile Include="solutions\Day17.cpp">
      <Filter>Source Files\Solutions</Filter>
    </ClCompile>
    <ClCompile Include="solutions\Day11.cpp">
      <Filter>Source Files\Solutions</Filter>
    </ClCompile>
    <ClCompile Include="solutions\Day12.cpp">
      <Filter>Source Files\Solutions</Filter>
    </ClCompile>
    <ClCompile Include="solutions\Day13.cpp">
      <Filter>Source Files\Solutions</Filter>
    </ClCompile>
    <ClCompile Include="solutions\Day14.cpp">
      <Filter>Source Files\Solutions</Filter>
    </ClCompile>
    <ClCompile Include="solutions\Day15.cpp">
      <Filter>Source Files\Solutions</Filter>
    </ClCompile>
    <ClCompile Include="solutions\Day16.cpp">
      <Filter>Source Files\Solutions</Filter>
    </ClCompile>
    <ClCompile Include="solutions\Day18.cpp">
      <Filter>Source Files\Solutions</Filter>
    </ClCompile>
    <ClCompile Include="solutions\Day19.cpp">
      <Filter>Source Files\Solutions</Filter>
    </ClCompile>
    <ClCompile Include="solutions\Day20.cpp">
      <Filter>Source Files\Solutions</Filter>
    </ClCompile>
    <ClCompile Include="solutions\Day21.cpp">
      <Filter>Source Files\Solutions</Filter>
    </ClCompile>
    <ClCompile Include="solutions\Day22.cpp">
      <Filter>Source Files\Solutions</Filter>
    </ClCompile>
    <ClCompile Include="solutions\Day23.cpp">
      <Filter>Source Files\Solutions</Filter>
    </ClCompile>
    <ClCompile Include="solutions\Day24.cpp">
      <Filter>Source Files\Solutions</Filter>
    </ClCompile>
    <ClCompile Include="solutions\Day25.cpp">
      <Filter>Source Files\Solutions</Filter>
    </ClCompile>
  </ItemGroup>
  <ItemGroup>
    <ClInclude Include="Helpers.h">
      <Filter>Header Files</Filter>
    </ClInclude>
    <ClInclude Include="DayBase.h">
      <Filter>Header Files</Filter>
    </ClInclude>
  </ItemGroup>
</Project>